// !$*UTF8*$!
{
	archiveVersion = 1;
	classes = {
	};
	objectVersion = 77;
	objects = {

/* Begin PBXBuildFile section */
		F8288F0B2EF27FA300636D9F /* WidgetKit.framework in Frameworks */ = {isa = PBXBuildFile; fileRef = F8288F0A2EF27FA300636D9F /* WidgetKit.framework */; };
		F8288F0D2EF27FA300636D9F /* SwiftUI.framework in Frameworks */ = {isa = PBXBuildFile; fileRef = F8288F0C2EF27FA300636D9F /* SwiftUI.framework */; };
		F8288F1E2EF27FA400636D9F /* HomeboundWidgetsExtension.appex in Embed Foundation Extensions */ = {isa = PBXBuildFile; fileRef = F8288F092EF27FA300636D9F /* HomeboundWidgetsExtension.appex */; settings = {ATTRIBUTES = (RemoveHeadersOnCopy, ); }; };
		F8288FE62F0CB38700636D9F /* Supabase in Frameworks */ = {isa = PBXBuildFile; productRef = F8288FE52F0CB38700636D9F /* Supabase */; };
		F85BFDFC2ECE8F9C009A47CD /* GRDB in Frameworks */ = {isa = PBXBuildFile; productRef = F85BFDFB2ECE8F9C009A47CD /* GRDB */; };
		F86757122F1204A800AF2524 /* StoreKit.framework in Frameworks */ = {isa = PBXBuildFile; fileRef = F86757112F1204A800AF2524 /* StoreKit.framework */; };
/* End PBXBuildFile section */

/* Begin PBXContainerItemProxy section */
		F8288F1C2EF27FA400636D9F /* PBXContainerItemProxy */ = {
			isa = PBXContainerItemProxy;
			containerPortal = F821358E2EAB01E300237850 /* Project object */;
			proxyType = 1;
			remoteGlobalIDString = F8288F082EF27FA300636D9F;
			remoteInfo = HomeboundWidgetsExtension;
		};
		F86756BF2F0E230C00AF2524 /* PBXContainerItemProxy */ = {
			isa = PBXContainerItemProxy;
			containerPortal = F821358E2EAB01E300237850 /* Project object */;
			proxyType = 1;
			remoteGlobalIDString = F82135952EAB01E300237850;
			remoteInfo = Homebound;
		};
		F86756E92F0E2DE500AF2524 /* PBXContainerItemProxy */ = {
			isa = PBXContainerItemProxy;
			containerPortal = F821358E2EAB01E300237850 /* Project object */;
			proxyType = 1;
			remoteGlobalIDString = F82135952EAB01E300237850;
			remoteInfo = Homebound;
		};
/* End PBXContainerItemProxy section */

/* Begin PBXCopyFilesBuildPhase section */
		F8288F232EF27FA400636D9F /* Embed Foundation Extensions */ = {
			isa = PBXCopyFilesBuildPhase;
			buildActionMask = 2147483647;
			dstPath = "";
			dstSubfolderSpec = 13;
			files = (
				F8288F1E2EF27FA400636D9F /* HomeboundWidgetsExtension.appex in Embed Foundation Extensions */,
			);
			name = "Embed Foundation Extensions";
			runOnlyForDeploymentPostprocessing = 0;
		};
/* End PBXCopyFilesBuildPhase section */

/* Begin PBXFileReference section */
		F82135962EAB01E300237850 /* Homebound.app */ = {isa = PBXFileReference; explicitFileType = wrapper.application; includeInIndex = 0; path = Homebound.app; sourceTree = BUILT_PRODUCTS_DIR; };
		F8288F092EF27FA300636D9F /* HomeboundWidgetsExtension.appex */ = {isa = PBXFileReference; explicitFileType = "wrapper.app-extension"; includeInIndex = 0; path = HomeboundWidgetsExtension.appex; sourceTree = BUILT_PRODUCTS_DIR; };
		F8288F0A2EF27FA300636D9F /* WidgetKit.framework */ = {isa = PBXFileReference; lastKnownFileType = wrapper.framework; name = WidgetKit.framework; path = System/Library/Frameworks/WidgetKit.framework; sourceTree = SDKROOT; };
		F8288F0C2EF27FA300636D9F /* SwiftUI.framework */ = {isa = PBXFileReference; lastKnownFileType = wrapper.framework; name = SwiftUI.framework; path = System/Library/Frameworks/SwiftUI.framework; sourceTree = SDKROOT; };
		F86756BB2F0E230C00AF2524 /* HomeboundTests.xctest */ = {isa = PBXFileReference; explicitFileType = wrapper.cfbundle; includeInIndex = 0; path = HomeboundTests.xctest; sourceTree = BUILT_PRODUCTS_DIR; };
		F86756E32F0E2DE500AF2524 /* HomeboundUITests.xctest */ = {isa = PBXFileReference; explicitFileType = wrapper.cfbundle; includeInIndex = 0; path = HomeboundUITests.xctest; sourceTree = BUILT_PRODUCTS_DIR; };
		F86757112F1204A800AF2524 /* StoreKit.framework */ = {isa = PBXFileReference; lastKnownFileType = wrapper.framework; name = StoreKit.framework; path = System/Library/Frameworks/StoreKit.framework; sourceTree = SDKROOT; };
/* End PBXFileReference section */

/* Begin PBXFileSystemSynchronizedBuildFileExceptionSet section */
		F8288F222EF27FA400636D9F /* Exceptions for "HomeboundWidgets" folder in "HomeboundWidgetsExtension" target */ = {
			isa = PBXFileSystemSynchronizedBuildFileExceptionSet;
			membershipExceptions = (
				Info.plist,
			);
			target = F8288F082EF27FA300636D9F /* HomeboundWidgetsExtension */;
		};
		F8288F392EF299B000636D9F /* Exceptions for "HomeboundWidgets" folder in "Homebound" target */ = {
			isa = PBXFileSystemSynchronizedBuildFileExceptionSet;
			membershipExceptions = (
				TripActivityAttributes.swift,
			);
			target = F82135952EAB01E300237850 /* Homebound */;
		};
		F8D6FEE72ED8AE1C00B62467 /* Exceptions for "Homebound" folder in "Homebound" target */ = {
			isa = PBXFileSystemSynchronizedBuildFileExceptionSet;
			membershipExceptions = (
				Config/Base.xcconfig,
				Config/Prod.xcconfig,
				Config/Staging.xcconfig,
			);
			target = F82135952EAB01E300237850 /* Homebound */;
		};
/* End PBXFileSystemSynchronizedBuildFileExceptionSet section */

/* Begin PBXFileSystemSynchronizedRootGroup section */
		F82135982EAB01E300237850 /* Homebound */ = {
			isa = PBXFileSystemSynchronizedRootGroup;
			exceptions = (
				F8D6FEE72ED8AE1C00B62467 /* Exceptions for "Homebound" folder in "Homebound" target */,
			);
			path = Homebound;
			sourceTree = "<group>";
		};
		F8288F0E2EF27FA300636D9F /* HomeboundWidgets */ = {
			isa = PBXFileSystemSynchronizedRootGroup;
			exceptions = (
				F8288F392EF299B000636D9F /* Exceptions for "HomeboundWidgets" folder in "Homebound" target */,
				F8288F222EF27FA400636D9F /* Exceptions for "HomeboundWidgets" folder in "HomeboundWidgetsExtension" target */,
			);
			path = HomeboundWidgets;
			sourceTree = "<group>";
		};
		F86756BC2F0E230C00AF2524 /* HomeboundTests */ = {
			isa = PBXFileSystemSynchronizedRootGroup;
			path = HomeboundTests;
			sourceTree = "<group>";
		};
		F86756E42F0E2DE500AF2524 /* HomeboundUITests */ = {
			isa = PBXFileSystemSynchronizedRootGroup;
			path = HomeboundUITests;
			sourceTree = "<group>";
		};
/* End PBXFileSystemSynchronizedRootGroup section */

/* Begin PBXFrameworksBuildPhase section */
		F82135932EAB01E300237850 /* Frameworks */ = {
			isa = PBXFrameworksBuildPhase;
			buildActionMask = 2147483647;
			files = (
				F86757122F1204A800AF2524 /* StoreKit.framework in Frameworks */,
				F8288FE62F0CB38700636D9F /* Supabase in Frameworks */,
				F85BFDFC2ECE8F9C009A47CD /* GRDB in Frameworks */,
			);
			runOnlyForDeploymentPostprocessing = 0;
		};
		F8288F062EF27FA300636D9F /* Frameworks */ = {
			isa = PBXFrameworksBuildPhase;
			buildActionMask = 2147483647;
			files = (
				F8288F0D2EF27FA300636D9F /* SwiftUI.framework in Frameworks */,
				F8288F0B2EF27FA300636D9F /* WidgetKit.framework in Frameworks */,
			);
			runOnlyForDeploymentPostprocessing = 0;
		};
		F86756B82F0E230C00AF2524 /* Frameworks */ = {
			isa = PBXFrameworksBuildPhase;
			buildActionMask = 2147483647;
			files = (
			);
			runOnlyForDeploymentPostprocessing = 0;
		};
		F86756E02F0E2DE500AF2524 /* Frameworks */ = {
			isa = PBXFrameworksBuildPhase;
			buildActionMask = 2147483647;
			files = (
			);
			runOnlyForDeploymentPostprocessing = 0;
		};
/* End PBXFrameworksBuildPhase section */

/* Begin PBXGroup section */
		F821358D2EAB01E300237850 = {
			isa = PBXGroup;
			children = (
				F82135982EAB01E300237850 /* Homebound */,
				F8288F0E2EF27FA300636D9F /* HomeboundWidgets */,
				F86756BC2F0E230C00AF2524 /* HomeboundTests */,
				F86756E42F0E2DE500AF2524 /* HomeboundUITests */,
				F8C54C8F2ECE9CC500959A21 /* Frameworks */,
				F82135972EAB01E300237850 /* Products */,
			);
			sourceTree = "<group>";
		};
		F82135972EAB01E300237850 /* Products */ = {
			isa = PBXGroup;
			children = (
				F82135962EAB01E300237850 /* Homebound.app */,
				F8288F092EF27FA300636D9F /* HomeboundWidgetsExtension.appex */,
				F86756BB2F0E230C00AF2524 /* HomeboundTests.xctest */,
				F86756E32F0E2DE500AF2524 /* HomeboundUITests.xctest */,
			);
			name = Products;
			sourceTree = "<group>";
		};
		F8C54C8F2ECE9CC500959A21 /* Frameworks */ = {
			isa = PBXGroup;
			children = (
				F86757112F1204A800AF2524 /* StoreKit.framework */,
				F8288F0A2EF27FA300636D9F /* WidgetKit.framework */,
				F8288F0C2EF27FA300636D9F /* SwiftUI.framework */,
			);
			name = Frameworks;
			sourceTree = "<group>";
		};
/* End PBXGroup section */

/* Begin PBXNativeTarget section */
		F82135952EAB01E300237850 /* Homebound */ = {
			isa = PBXNativeTarget;
			buildConfigurationList = F82135A12EAB01E400237850 /* Build configuration list for PBXNativeTarget "Homebound" */;
			buildPhases = (
				F82135922EAB01E300237850 /* Sources */,
				F82135932EAB01E300237850 /* Frameworks */,
				F82135942EAB01E300237850 /* Resources */,
				F8288F232EF27FA400636D9F /* Embed Foundation Extensions */,
			);
			buildRules = (
			);
			dependencies = (
				F8288F1D2EF27FA400636D9F /* PBXTargetDependency */,
			);
			fileSystemSynchronizedGroups = (
				F82135982EAB01E300237850 /* Homebound */,
			);
			name = Homebound;
			packageProductDependencies = (
				F85BFDFB2ECE8F9C009A47CD /* GRDB */,
				F8288FE52F0CB38700636D9F /* Supabase */,
			);
			productName = Homebound;
			productReference = F82135962EAB01E300237850 /* Homebound.app */;
			productType = "com.apple.product-type.application";
		};
		F8288F082EF27FA300636D9F /* HomeboundWidgetsExtension */ = {
			isa = PBXNativeTarget;
			buildConfigurationList = F8288F1F2EF27FA400636D9F /* Build configuration list for PBXNativeTarget "HomeboundWidgetsExtension" */;
			buildPhases = (
				F8288F052EF27FA300636D9F /* Sources */,
				F8288F062EF27FA300636D9F /* Frameworks */,
				F8288F072EF27FA300636D9F /* Resources */,
			);
			buildRules = (
			);
			dependencies = (
			);
			fileSystemSynchronizedGroups = (
				F8288F0E2EF27FA300636D9F /* HomeboundWidgets */,
			);
			name = HomeboundWidgetsExtension;
			packageProductDependencies = (
			);
			productName = HomeboundWidgetsExtension;
			productReference = F8288F092EF27FA300636D9F /* HomeboundWidgetsExtension.appex */;
			productType = "com.apple.product-type.app-extension";
		};
		F86756BA2F0E230C00AF2524 /* HomeboundTests */ = {
			isa = PBXNativeTarget;
			buildConfigurationList = F86756C32F0E230C00AF2524 /* Build configuration list for PBXNativeTarget "HomeboundTests" */;
			buildPhases = (
				F86756B72F0E230C00AF2524 /* Sources */,
				F86756B82F0E230C00AF2524 /* Frameworks */,
				F86756B92F0E230C00AF2524 /* Resources */,
			);
			buildRules = (
			);
			dependencies = (
				F86756C02F0E230C00AF2524 /* PBXTargetDependency */,
			);
			fileSystemSynchronizedGroups = (
				F86756BC2F0E230C00AF2524 /* HomeboundTests */,
			);
			name = HomeboundTests;
			packageProductDependencies = (
			);
			productName = HomeboundTests;
			productReference = F86756BB2F0E230C00AF2524 /* HomeboundTests.xctest */;
			productType = "com.apple.product-type.bundle.unit-test";
		};
		F86756E22F0E2DE500AF2524 /* HomeboundUITests */ = {
			isa = PBXNativeTarget;
			buildConfigurationList = F86756EB2F0E2DE500AF2524 /* Build configuration list for PBXNativeTarget "HomeboundUITests" */;
			buildPhases = (
				F86756DF2F0E2DE500AF2524 /* Sources */,
				F86756E02F0E2DE500AF2524 /* Frameworks */,
				F86756E12F0E2DE500AF2524 /* Resources */,
			);
			buildRules = (
			);
			dependencies = (
				F86756EA2F0E2DE500AF2524 /* PBXTargetDependency */,
			);
			fileSystemSynchronizedGroups = (
				F86756E42F0E2DE500AF2524 /* HomeboundUITests */,
			);
			name = HomeboundUITests;
			packageProductDependencies = (
			);
			productName = HomeboundUITests;
			productReference = F86756E32F0E2DE500AF2524 /* HomeboundUITests.xctest */;
			productType = "com.apple.product-type.bundle.ui-testing";
		};
/* End PBXNativeTarget section */

/* Begin PBXProject section */
		F821358E2EAB01E300237850 /* Project object */ = {
			isa = PBXProject;
			attributes = {
				BuildIndependentTargetsInParallel = 1;
				LastSwiftUpdateCheck = 2620;
				LastUpgradeCheck = 2610;
				TargetAttributes = {
					F82135952EAB01E300237850 = {
						CreatedOnToolsVersion = 26.0.1;
					};
					F8288F082EF27FA300636D9F = {
						CreatedOnToolsVersion = 26.2;
					};
					F86756BA2F0E230C00AF2524 = {
						CreatedOnToolsVersion = 26.2;
						TestTargetID = F82135952EAB01E300237850;
					};
					F86756E22F0E2DE500AF2524 = {
						CreatedOnToolsVersion = 26.2;
						TestTargetID = F82135952EAB01E300237850;
					};
				};
			};
			buildConfigurationList = F82135912EAB01E300237850 /* Build configuration list for PBXProject "Homebound" */;
			developmentRegion = en;
			hasScannedForEncodings = 0;
			knownRegions = (
				en,
				Base,
			);
			mainGroup = F821358D2EAB01E300237850;
			minimizedProjectReferenceProxies = 1;
			packageReferences = (
				F85BFDFA2ECE8F9C009A47CD /* XCRemoteSwiftPackageReference "GRDB" */,
				F8288FE42F0CB38700636D9F /* XCRemoteSwiftPackageReference "supabase-swift" */,
			);
			preferredProjectObjectVersion = 77;
			productRefGroup = F82135972EAB01E300237850 /* Products */;
			projectDirPath = "";
			projectRoot = "";
			targets = (
				F82135952EAB01E300237850 /* Homebound */,
				F8288F082EF27FA300636D9F /* HomeboundWidgetsExtension */,
				F86756BA2F0E230C00AF2524 /* HomeboundTests */,
				F86756E22F0E2DE500AF2524 /* HomeboundUITests */,
			);
		};
/* End PBXProject section */

/* Begin PBXResourcesBuildPhase section */
		F82135942EAB01E300237850 /* Resources */ = {
			isa = PBXResourcesBuildPhase;
			buildActionMask = 2147483647;
			files = (
			);
			runOnlyForDeploymentPostprocessing = 0;
		};
		F8288F072EF27FA300636D9F /* Resources */ = {
			isa = PBXResourcesBuildPhase;
			buildActionMask = 2147483647;
			files = (
			);
			runOnlyForDeploymentPostprocessing = 0;
		};
		F86756B92F0E230C00AF2524 /* Resources */ = {
			isa = PBXResourcesBuildPhase;
			buildActionMask = 2147483647;
			files = (
			);
			runOnlyForDeploymentPostprocessing = 0;
		};
		F86756E12F0E2DE500AF2524 /* Resources */ = {
			isa = PBXResourcesBuildPhase;
			buildActionMask = 2147483647;
			files = (
			);
			runOnlyForDeploymentPostprocessing = 0;
		};
/* End PBXResourcesBuildPhase section */

/* Begin PBXSourcesBuildPhase section */
		F82135922EAB01E300237850 /* Sources */ = {
			isa = PBXSourcesBuildPhase;
			buildActionMask = 2147483647;
			files = (
			);
			runOnlyForDeploymentPostprocessing = 0;
		};
		F8288F052EF27FA300636D9F /* Sources */ = {
			isa = PBXSourcesBuildPhase;
			buildActionMask = 2147483647;
			files = (
			);
			runOnlyForDeploymentPostprocessing = 0;
		};
		F86756B72F0E230C00AF2524 /* Sources */ = {
			isa = PBXSourcesBuildPhase;
			buildActionMask = 2147483647;
			files = (
			);
			runOnlyForDeploymentPostprocessing = 0;
		};
		F86756DF2F0E2DE500AF2524 /* Sources */ = {
			isa = PBXSourcesBuildPhase;
			buildActionMask = 2147483647;
			files = (
			);
			runOnlyForDeploymentPostprocessing = 0;
		};
/* End PBXSourcesBuildPhase section */

/* Begin PBXTargetDependency section */
		F8288F1D2EF27FA400636D9F /* PBXTargetDependency */ = {
			isa = PBXTargetDependency;
			target = F8288F082EF27FA300636D9F /* HomeboundWidgetsExtension */;
			targetProxy = F8288F1C2EF27FA400636D9F /* PBXContainerItemProxy */;
		};
		F86756C02F0E230C00AF2524 /* PBXTargetDependency */ = {
			isa = PBXTargetDependency;
			target = F82135952EAB01E300237850 /* Homebound */;
			targetProxy = F86756BF2F0E230C00AF2524 /* PBXContainerItemProxy */;
		};
		F86756EA2F0E2DE500AF2524 /* PBXTargetDependency */ = {
			isa = PBXTargetDependency;
			target = F82135952EAB01E300237850 /* Homebound */;
			targetProxy = F86756E92F0E2DE500AF2524 /* PBXContainerItemProxy */;
		};
/* End PBXTargetDependency section */

/* Begin XCBuildConfiguration section */
		F821359F2EAB01E400237850 /* Debug */ = {
			isa = XCBuildConfiguration;
			buildSettings = {
				ALWAYS_SEARCH_USER_PATHS = NO;
				ASSETCATALOG_COMPILER_GENERATE_SWIFT_ASSET_SYMBOL_EXTENSIONS = YES;
				CLANG_ANALYZER_NONNULL = YES;
				CLANG_ANALYZER_NUMBER_OBJECT_CONVERSION = YES_AGGRESSIVE;
				CLANG_CXX_LANGUAGE_STANDARD = "gnu++20";
				CLANG_ENABLE_MODULES = YES;
				CLANG_ENABLE_OBJC_ARC = YES;
				CLANG_ENABLE_OBJC_WEAK = YES;
				CLANG_WARN_BLOCK_CAPTURE_AUTORELEASING = YES;
				CLANG_WARN_BOOL_CONVERSION = YES;
				CLANG_WARN_COMMA = YES;
				CLANG_WARN_CONSTANT_CONVERSION = YES;
				CLANG_WARN_DEPRECATED_OBJC_IMPLEMENTATIONS = YES;
				CLANG_WARN_DIRECT_OBJC_ISA_USAGE = YES_ERROR;
				CLANG_WARN_DOCUMENTATION_COMMENTS = YES;
				CLANG_WARN_EMPTY_BODY = YES;
				CLANG_WARN_ENUM_CONVERSION = YES;
				CLANG_WARN_INFINITE_RECURSION = YES;
				CLANG_WARN_INT_CONVERSION = YES;
				CLANG_WARN_NON_LITERAL_NULL_CONVERSION = YES;
				CLANG_WARN_OBJC_IMPLICIT_RETAIN_SELF = YES;
				CLANG_WARN_OBJC_LITERAL_CONVERSION = YES;
				CLANG_WARN_OBJC_ROOT_CLASS = YES_ERROR;
				CLANG_WARN_QUOTED_INCLUDE_IN_FRAMEWORK_HEADER = YES;
				CLANG_WARN_RANGE_LOOP_ANALYSIS = YES;
				CLANG_WARN_STRICT_PROTOTYPES = YES;
				CLANG_WARN_SUSPICIOUS_MOVE = YES;
				CLANG_WARN_UNGUARDED_AVAILABILITY = YES_AGGRESSIVE;
				CLANG_WARN_UNREACHABLE_CODE = YES;
				CLANG_WARN__DUPLICATE_METHOD_MATCH = YES;
				COPY_PHASE_STRIP = NO;
				DEBUG_INFORMATION_FORMAT = dwarf;
				DEVELOPMENT_TEAM = HF826KS9K5;
				ENABLE_STRICT_OBJC_MSGSEND = YES;
				ENABLE_TESTABILITY = YES;
				ENABLE_USER_SCRIPT_SANDBOXING = YES;
				GCC_C_LANGUAGE_STANDARD = gnu17;
				GCC_DYNAMIC_NO_PIC = NO;
				GCC_NO_COMMON_BLOCKS = YES;
				GCC_OPTIMIZATION_LEVEL = 0;
				GCC_PREPROCESSOR_DEFINITIONS = (
					"DEBUG=1",
					"$(inherited)",
				);
				GCC_WARN_64_TO_32_BIT_CONVERSION = YES;
				GCC_WARN_ABOUT_RETURN_TYPE = YES_ERROR;
				GCC_WARN_UNDECLARED_SELECTOR = YES;
				GCC_WARN_UNINITIALIZED_AUTOS = YES_AGGRESSIVE;
				GCC_WARN_UNUSED_FUNCTION = YES;
				GCC_WARN_UNUSED_VARIABLE = YES;
				IPHONEOS_DEPLOYMENT_TARGET = 26.0;
				LOCALIZATION_PREFERS_STRING_CATALOGS = YES;
				MTL_ENABLE_DEBUG_INFO = INCLUDE_SOURCE;
				MTL_FAST_MATH = YES;
				ONLY_ACTIVE_ARCH = YES;
				SDKROOT = iphoneos;
				STRING_CATALOG_GENERATE_SYMBOLS = YES;
				SWIFT_ACTIVE_COMPILATION_CONDITIONS = "DEBUG $(inherited)";
				SWIFT_OPTIMIZATION_LEVEL = "-Onone";
			};
			name = Debug;
		};
		F82135A02EAB01E400237850 /* Release */ = {
			isa = XCBuildConfiguration;
			buildSettings = {
				ALWAYS_SEARCH_USER_PATHS = NO;
				ASSETCATALOG_COMPILER_GENERATE_SWIFT_ASSET_SYMBOL_EXTENSIONS = YES;
				CLANG_ANALYZER_NONNULL = YES;
				CLANG_ANALYZER_NUMBER_OBJECT_CONVERSION = YES_AGGRESSIVE;
				CLANG_CXX_LANGUAGE_STANDARD = "gnu++20";
				CLANG_ENABLE_MODULES = YES;
				CLANG_ENABLE_OBJC_ARC = YES;
				CLANG_ENABLE_OBJC_WEAK = YES;
				CLANG_WARN_BLOCK_CAPTURE_AUTORELEASING = YES;
				CLANG_WARN_BOOL_CONVERSION = YES;
				CLANG_WARN_COMMA = YES;
				CLANG_WARN_CONSTANT_CONVERSION = YES;
				CLANG_WARN_DEPRECATED_OBJC_IMPLEMENTATIONS = YES;
				CLANG_WARN_DIRECT_OBJC_ISA_USAGE = YES_ERROR;
				CLANG_WARN_DOCUMENTATION_COMMENTS = YES;
				CLANG_WARN_EMPTY_BODY = YES;
				CLANG_WARN_ENUM_CONVERSION = YES;
				CLANG_WARN_INFINITE_RECURSION = YES;
				CLANG_WARN_INT_CONVERSION = YES;
				CLANG_WARN_NON_LITERAL_NULL_CONVERSION = YES;
				CLANG_WARN_OBJC_IMPLICIT_RETAIN_SELF = YES;
				CLANG_WARN_OBJC_LITERAL_CONVERSION = YES;
				CLANG_WARN_OBJC_ROOT_CLASS = YES_ERROR;
				CLANG_WARN_QUOTED_INCLUDE_IN_FRAMEWORK_HEADER = YES;
				CLANG_WARN_RANGE_LOOP_ANALYSIS = YES;
				CLANG_WARN_STRICT_PROTOTYPES = YES;
				CLANG_WARN_SUSPICIOUS_MOVE = YES;
				CLANG_WARN_UNGUARDED_AVAILABILITY = YES_AGGRESSIVE;
				CLANG_WARN_UNREACHABLE_CODE = YES;
				CLANG_WARN__DUPLICATE_METHOD_MATCH = YES;
				COPY_PHASE_STRIP = NO;
				DEBUG_INFORMATION_FORMAT = "dwarf-with-dsym";
				DEVELOPMENT_TEAM = HF826KS9K5;
				ENABLE_NS_ASSERTIONS = NO;
				ENABLE_STRICT_OBJC_MSGSEND = YES;
				ENABLE_USER_SCRIPT_SANDBOXING = YES;
				GCC_C_LANGUAGE_STANDARD = gnu17;
				GCC_NO_COMMON_BLOCKS = YES;
				GCC_WARN_64_TO_32_BIT_CONVERSION = YES;
				GCC_WARN_ABOUT_RETURN_TYPE = YES_ERROR;
				GCC_WARN_UNDECLARED_SELECTOR = YES;
				GCC_WARN_UNINITIALIZED_AUTOS = YES_AGGRESSIVE;
				GCC_WARN_UNUSED_FUNCTION = YES;
				GCC_WARN_UNUSED_VARIABLE = YES;
				IPHONEOS_DEPLOYMENT_TARGET = 26.0;
				LOCALIZATION_PREFERS_STRING_CATALOGS = YES;
				MTL_ENABLE_DEBUG_INFO = NO;
				MTL_FAST_MATH = YES;
				SDKROOT = iphoneos;
				STRING_CATALOG_GENERATE_SYMBOLS = YES;
				SWIFT_COMPILATION_MODE = wholemodule;
				VALIDATE_PRODUCT = YES;
			};
			name = Release;
		};
		F82135A22EAB01E400237850 /* Debug */ = {
			isa = XCBuildConfiguration;
			buildSettings = {
				ASSETCATALOG_COMPILER_APPICON_NAME = AppIcon;
				ASSETCATALOG_COMPILER_GLOBAL_ACCENT_COLOR_NAME = AccentColor;
				ASSETCATALOG_COMPILER_INCLUDE_ALL_APPICON_ASSETS = NO;
				CODE_SIGN_ENTITLEMENTS = Homebound/Homebound.entitlements;
				CODE_SIGN_STYLE = Automatic;
				CURRENT_PROJECT_VERSION = 1;
				DEVELOPMENT_TEAM = HF826KS9K5;
				ENABLE_PREVIEWS = YES;
				GENERATE_INFOPLIST_FILE = NO;
				INFOPLIST_FILE = Info.plist;
				INFOPLIST_KEY_CFBundleDisplayName = Homebound;
				INFOPLIST_KEY_LSApplicationCategoryType = "public.app-category.travel";
				INFOPLIST_KEY_UIApplicationSceneManifest_Generation = YES;
				INFOPLIST_KEY_UIApplicationSupportsIndirectInputEvents = YES;
				INFOPLIST_KEY_UILaunchScreen_Generation = YES;
				INFOPLIST_KEY_UISupportedInterfaceOrientations_iPad = "UIInterfaceOrientationPortrait UIInterfaceOrientationPortraitUpsideDown UIInterfaceOrientationLandscapeLeft UIInterfaceOrientationLandscapeRight";
				INFOPLIST_KEY_UISupportedInterfaceOrientations_iPhone = "UIInterfaceOrientationPortrait UIInterfaceOrientationLandscapeLeft UIInterfaceOrientationLandscapeRight";
				LD_RUNPATH_SEARCH_PATHS = (
					"$(inherited)",
					"@executable_path/Frameworks",
				);
				MARKETING_VERSION = 1.0.2;
				PRODUCT_BUNDLE_IDENTIFIER = com.hudsonschmidt.Homebound;
				PRODUCT_NAME = "$(TARGET_NAME)";
				STRING_CATALOG_GENERATE_SYMBOLS = YES;
				SUPPORTED_PLATFORMS = "iphoneos iphonesimulator";
				SUPPORTS_MACCATALYST = NO;
				SWIFT_APPROACHABLE_CONCURRENCY = YES;
				SWIFT_DEFAULT_ACTOR_ISOLATION = MainActor;
				SWIFT_EMIT_LOC_STRINGS = YES;
				SWIFT_UPCOMING_FEATURE_MEMBER_IMPORT_VISIBILITY = YES;
				SWIFT_VERSION = 5.0;
				TARGETED_DEVICE_FAMILY = 1;
			};
			name = Debug;
		};
		F82135A32EAB01E400237850 /* Release */ = {
			isa = XCBuildConfiguration;
			buildSettings = {
				ASSETCATALOG_COMPILER_APPICON_NAME = AppIcon;
				ASSETCATALOG_COMPILER_GLOBAL_ACCENT_COLOR_NAME = AccentColor;
				ASSETCATALOG_COMPILER_INCLUDE_ALL_APPICON_ASSETS = NO;
				CODE_SIGN_ENTITLEMENTS = Homebound/Homebound.entitlements;
				CODE_SIGN_STYLE = Automatic;
				CURRENT_PROJECT_VERSION = 1;
				DEVELOPMENT_TEAM = HF826KS9K5;
				ENABLE_PREVIEWS = YES;
				GENERATE_INFOPLIST_FILE = NO;
				INFOPLIST_FILE = Info.plist;
				INFOPLIST_KEY_CFBundleDisplayName = Homebound;
				INFOPLIST_KEY_LSApplicationCategoryType = "public.app-category.travel";
				INFOPLIST_KEY_UIApplicationSceneManifest_Generation = YES;
				INFOPLIST_KEY_UIApplicationSupportsIndirectInputEvents = YES;
				INFOPLIST_KEY_UILaunchScreen_Generation = YES;
				INFOPLIST_KEY_UISupportedInterfaceOrientations_iPad = "UIInterfaceOrientationPortrait UIInterfaceOrientationPortraitUpsideDown UIInterfaceOrientationLandscapeLeft UIInterfaceOrientationLandscapeRight";
				INFOPLIST_KEY_UISupportedInterfaceOrientations_iPhone = "UIInterfaceOrientationPortrait UIInterfaceOrientationLandscapeLeft UIInterfaceOrientationLandscapeRight";
				LD_RUNPATH_SEARCH_PATHS = (
					"$(inherited)",
					"@executable_path/Frameworks",
				);
				MARKETING_VERSION = 1.0.2;
				PRODUCT_BUNDLE_IDENTIFIER = com.hudsonschmidt.Homebound;
				PRODUCT_NAME = "$(TARGET_NAME)";
				STRING_CATALOG_GENERATE_SYMBOLS = YES;
				SUPPORTED_PLATFORMS = "iphoneos iphonesimulator";
				SUPPORTS_MACCATALYST = NO;
				SWIFT_APPROACHABLE_CONCURRENCY = YES;
				SWIFT_DEFAULT_ACTOR_ISOLATION = MainActor;
				SWIFT_EMIT_LOC_STRINGS = YES;
				SWIFT_UPCOMING_FEATURE_MEMBER_IMPORT_VISIBILITY = YES;
				SWIFT_VERSION = 5.0;
				TARGETED_DEVICE_FAMILY = 1;
			};
			name = Release;
		};
		F8288F202EF27FA400636D9F /* Debug */ = {
			isa = XCBuildConfiguration;
			buildSettings = {
				ASSETCATALOG_COMPILER_GLOBAL_ACCENT_COLOR_NAME = AccentColor;
				ASSETCATALOG_COMPILER_WIDGET_BACKGROUND_COLOR_NAME = WidgetBackground;
				CODE_SIGN_ENTITLEMENTS = HomeboundWidgetsExtension.entitlements;
				CODE_SIGN_STYLE = Automatic;
				CURRENT_PROJECT_VERSION = 4;
				DEVELOPMENT_TEAM = HF826KS9K5;
				GENERATE_INFOPLIST_FILE = YES;
				INFOPLIST_FILE = HomeboundWidgets/Info.plist;
				INFOPLIST_KEY_CFBundleDisplayName = HomeboundWidgets;
				INFOPLIST_KEY_NSHumanReadableCopyright = "";
				IPHONEOS_DEPLOYMENT_TARGET = 26.0;
				LD_RUNPATH_SEARCH_PATHS = (
					"$(inherited)",
					"@executable_path/Frameworks",
					"@executable_path/../../Frameworks",
				);
				MARKETING_VERSION = 1.0.2;
				PRODUCT_BUNDLE_IDENTIFIER = com.hudsonschmidt.Homebound.HomeboundWidgets;
				PRODUCT_NAME = "$(TARGET_NAME)";
				SKIP_INSTALL = YES;
				STRING_CATALOG_GENERATE_SYMBOLS = YES;
				SUPPORTED_PLATFORMS = "iphoneos iphonesimulator";
				SUPPORTS_MACCATALYST = NO;
				SWIFT_APPROACHABLE_CONCURRENCY = YES;
				SWIFT_EMIT_LOC_STRINGS = YES;
				SWIFT_UPCOMING_FEATURE_MEMBER_IMPORT_VISIBILITY = YES;
				SWIFT_VERSION = 5.0;
				TARGETED_DEVICE_FAMILY = 1;
			};
			name = Debug;
		};
		F8288F212EF27FA400636D9F /* Release */ = {
			isa = XCBuildConfiguration;
			buildSettings = {
				ASSETCATALOG_COMPILER_GLOBAL_ACCENT_COLOR_NAME = AccentColor;
				ASSETCATALOG_COMPILER_WIDGET_BACKGROUND_COLOR_NAME = WidgetBackground;
				CODE_SIGN_ENTITLEMENTS = HomeboundWidgetsExtension.entitlements;
				CODE_SIGN_STYLE = Automatic;
				CURRENT_PROJECT_VERSION = 4;
				DEVELOPMENT_TEAM = HF826KS9K5;
				GENERATE_INFOPLIST_FILE = YES;
				INFOPLIST_FILE = HomeboundWidgets/Info.plist;
				INFOPLIST_KEY_CFBundleDisplayName = HomeboundWidgets;
				INFOPLIST_KEY_NSHumanReadableCopyright = "";
				IPHONEOS_DEPLOYMENT_TARGET = 26.0;
				LD_RUNPATH_SEARCH_PATHS = (
					"$(inherited)",
					"@executable_path/Frameworks",
					"@executable_path/../../Frameworks",
				);
				MARKETING_VERSION = 1.0.2;
				PRODUCT_BUNDLE_IDENTIFIER = com.hudsonschmidt.Homebound.HomeboundWidgets;
				PRODUCT_NAME = "$(TARGET_NAME)";
				SKIP_INSTALL = YES;
				STRING_CATALOG_GENERATE_SYMBOLS = YES;
				SUPPORTED_PLATFORMS = "iphoneos iphonesimulator";
				SUPPORTS_MACCATALYST = NO;
				SWIFT_APPROACHABLE_CONCURRENCY = YES;
				SWIFT_EMIT_LOC_STRINGS = YES;
				SWIFT_UPCOMING_FEATURE_MEMBER_IMPORT_VISIBILITY = YES;
				SWIFT_VERSION = 5.0;
				TARGETED_DEVICE_FAMILY = 1;
			};
			name = Release;
		};
		F86756C12F0E230C00AF2524 /* Debug */ = {
			isa = XCBuildConfiguration;
			buildSettings = {
				BUNDLE_LOADER = "$(TEST_HOST)";
				CODE_SIGN_STYLE = Automatic;
				CURRENT_PROJECT_VERSION = 1;
				DEVELOPMENT_TEAM = HF826KS9K5;
				GENERATE_INFOPLIST_FILE = YES;
				IPHONEOS_DEPLOYMENT_TARGET = 26.1;
				MARKETING_VERSION = 1.0;
				PRODUCT_BUNDLE_IDENTIFIER = com.hudsonschmidt.HomeboundTests;
				PRODUCT_NAME = "$(TARGET_NAME)";
				STRING_CATALOG_GENERATE_SYMBOLS = NO;
				SWIFT_APPROACHABLE_CONCURRENCY = YES;
				SWIFT_EMIT_LOC_STRINGS = NO;
				SWIFT_UPCOMING_FEATURE_MEMBER_IMPORT_VISIBILITY = YES;
				SWIFT_VERSION = 5.0;
				TARGETED_DEVICE_FAMILY = "1,2";
				TEST_HOST = "$(BUILT_PRODUCTS_DIR)/Homebound.app/$(BUNDLE_EXECUTABLE_FOLDER_PATH)/Homebound";
			};
			name = Debug;
		};
		F86756C22F0E230C00AF2524 /* Release */ = {
			isa = XCBuildConfiguration;
			buildSettings = {
				BUNDLE_LOADER = "$(TEST_HOST)";
				CODE_SIGN_STYLE = Automatic;
				CURRENT_PROJECT_VERSION = 1;
				DEVELOPMENT_TEAM = HF826KS9K5;
				GENERATE_INFOPLIST_FILE = YES;
				IPHONEOS_DEPLOYMENT_TARGET = 26.1;
				MARKETING_VERSION = 1.0;
				PRODUCT_BUNDLE_IDENTIFIER = com.hudsonschmidt.HomeboundTests;
				PRODUCT_NAME = "$(TARGET_NAME)";
				STRING_CATALOG_GENERATE_SYMBOLS = NO;
				SWIFT_APPROACHABLE_CONCURRENCY = YES;
				SWIFT_EMIT_LOC_STRINGS = NO;
				SWIFT_UPCOMING_FEATURE_MEMBER_IMPORT_VISIBILITY = YES;
				SWIFT_VERSION = 5.0;
				TARGETED_DEVICE_FAMILY = "1,2";
				TEST_HOST = "$(BUILT_PRODUCTS_DIR)/Homebound.app/$(BUNDLE_EXECUTABLE_FOLDER_PATH)/Homebound";
			};
			name = Release;
		};
		F86756EC2F0E2DE500AF2524 /* Debug */ = {
			isa = XCBuildConfiguration;
			buildSettings = {
				CODE_SIGN_STYLE = Automatic;
				CURRENT_PROJECT_VERSION = 1;
				DEVELOPMENT_TEAM = HF826KS9K5;
				GENERATE_INFOPLIST_FILE = YES;
				IPHONEOS_DEPLOYMENT_TARGET = 26.1;
				MARKETING_VERSION = 1.0;
				PRODUCT_BUNDLE_IDENTIFIER = com.hudsonschmidt.HomeboundUITests;
				PRODUCT_NAME = "$(TARGET_NAME)";
				STRING_CATALOG_GENERATE_SYMBOLS = NO;
				SWIFT_APPROACHABLE_CONCURRENCY = YES;
				SWIFT_EMIT_LOC_STRINGS = NO;
				SWIFT_UPCOMING_FEATURE_MEMBER_IMPORT_VISIBILITY = YES;
				SWIFT_VERSION = 5.0;
				TARGETED_DEVICE_FAMILY = "1,2";
				TEST_TARGET_NAME = Homebound;
			};
			name = Debug;
		};
		F86756ED2F0E2DE500AF2524 /* Release */ = {
			isa = XCBuildConfiguration;
			buildSettings = {
				CODE_SIGN_STYLE = Automatic;
				CURRENT_PROJECT_VERSION = 1;
				DEVELOPMENT_TEAM = HF826KS9K5;
				GENERATE_INFOPLIST_FILE = YES;
				IPHONEOS_DEPLOYMENT_TARGET = 26.1;
				MARKETING_VERSION = 1.0;
				PRODUCT_BUNDLE_IDENTIFIER = com.hudsonschmidt.HomeboundUITests;
				PRODUCT_NAME = "$(TARGET_NAME)";
				STRING_CATALOG_GENERATE_SYMBOLS = NO;
				SWIFT_APPROACHABLE_CONCURRENCY = YES;
				SWIFT_EMIT_LOC_STRINGS = NO;
				SWIFT_UPCOMING_FEATURE_MEMBER_IMPORT_VISIBILITY = YES;
				SWIFT_VERSION = 5.0;
				TARGETED_DEVICE_FAMILY = "1,2";
				TEST_TARGET_NAME = Homebound;
			};
			name = Release;
		};
/* End XCBuildConfiguration section */

/* Begin XCConfigurationList section */
		F82135912EAB01E300237850 /* Build configuration list for PBXProject "Homebound" */ = {
			isa = XCConfigurationList;
			buildConfigurations = (
				F821359F2EAB01E400237850 /* Debug */,
				F82135A02EAB01E400237850 /* Release */,
			);
			defaultConfigurationIsVisible = 0;
			defaultConfigurationName = Release;
		};
		F82135A12EAB01E400237850 /* Build configuration list for PBXNativeTarget "Homebound" */ = {
			isa = XCConfigurationList;
			buildConfigurations = (
				F82135A22EAB01E400237850 /* Debug */,
				F82135A32EAB01E400237850 /* Release */,
			);
			defaultConfigurationIsVisible = 0;
			defaultConfigurationName = Release;
		};
		F8288F1F2EF27FA400636D9F /* Build configuration list for PBXNativeTarget "HomeboundWidgetsExtension" */ = {
			isa = XCConfigurationList;
			buildConfigurations = (
				F8288F202EF27FA400636D9F /* Debug */,
				F8288F212EF27FA400636D9F /* Release */,
			);
			defaultConfigurationIsVisible = 0;
			defaultConfigurationName = Release;
		};
		F86756C32F0E230C00AF2524 /* Build configuration list for PBXNativeTarget "HomeboundTests" */ = {
			isa = XCConfigurationList;
			buildConfigurations = (
				F86756C12F0E230C00AF2524 /* Debug */,
				F86756C22F0E230C00AF2524 /* Release */,
			);
			defaultConfigurationIsVisible = 0;
			defaultConfigurationName = Release;
		};
		F86756EB2F0E2DE500AF2524 /* Build configuration list for PBXNativeTarget "HomeboundUITests" */ = {
			isa = XCConfigurationList;
			buildConfigurations = (
				F86756EC2F0E2DE500AF2524 /* Debug */,
				F86756ED2F0E2DE500AF2524 /* Release */,
			);
			defaultConfigurationIsVisible = 0;
			defaultConfigurationName = Release;
		};
/* End XCConfigurationList section */

/* Begin XCRemoteSwiftPackageReference section */
		F8288FE42F0CB38700636D9F /* XCRemoteSwiftPackageReference "supabase-swift" */ = {
			isa = XCRemoteSwiftPackageReference;
			repositoryURL = "https://github.com/supabase-community/supabase-swift";
			requirement = {
				kind = upToNextMajorVersion;
				minimumVersion = 2.5.1;
			};
		};
		F85BFDFA2ECE8F9C009A47CD /* XCRemoteSwiftPackageReference "GRDB" */ = {
			isa = XCRemoteSwiftPackageReference;
			repositoryURL = "https://github.com/groue/GRDB.swift";
			requirement = {
				branch = master;
				kind = branch;
			};
		};
/* End XCRemoteSwiftPackageReference section */

/* Begin XCSwiftPackageProductDependency section */
		F8288FE52F0CB38700636D9F /* Supabase */ = {
			isa = XCSwiftPackageProductDependency;
			package = F8288FE42F0CB38700636D9F /* XCRemoteSwiftPackageReference "supabase-swift" */;
			productName = Supabase;
		};
		F85BFDFB2ECE8F9C009A47CD /* GRDB */ = {
			isa = XCSwiftPackageProductDependency;
			package = F85BFDFA2ECE8F9C009A47CD /* XCRemoteSwiftPackageReference "GRDB" */;
			productName = GRDB;
		};
/* End XCSwiftPackageProductDependency section */
	};
	rootObject = F821358E2EAB01E300237850 /* Project object */;
}
